
Microsoft Visual Studio Solution File, Format Version 12.00
# Visual Studio Version 17
VisualStudioVersion = 17.0.31903.59
MinimumVisualStudioVersion = 10.0.40219.1
Project("{2150E333-8FDC-42A3-9474-1A3956D46DE8}") = "src", "src", "{B97D5036-96C5-4D53-9E79-E2B20219067C}"
EndProject
Project("{FAE04EC0-301F-11D3-BF4B-00C04F79EFBC}") = "OrderService.Domain", "src\OrderService.Domain\OrderService.Domain.csproj", "{19063758-083C-4661-8D17-23B4FAEAB10C}"
EndProject
Project("{FAE04EC0-301F-11D3-BF4B-00C04F79EFBC}") = "OrderService.Application", "src\OrderService.Application\OrderService.Application.csproj", "{4C9F695F-3530-4E4E-9520-5896DC17896E}"
EndProject
Project("{FAE04EC0-301F-11D3-BF4B-00C04F79EFBC}") = "OrderService.Infrastructure", "src\OrderService.Infrastructure\OrderService.Infrastructure.csproj", "{9EE70165-8260-47B6-B031-27C21F738B30}"
EndProject
Project("{FAE04EC0-301F-11D3-BF4B-00C04F79EFBC}") = "OrderService.API", "src\OrderService.API\OrderService.API.csproj", "{853EBC76-8173-49EA-9352-0046BA2D3EEA}"
EndProject
Project("{2150E333-8FDC-42A3-9474-1A3956D46DE8}") = "tests", "tests", "{E93166E8-AF80-40E9-B5F7-3725BA13A106}"
EndProject
Project("{FAE04EC0-301F-11D3-BF4B-00C04F79EFBC}") = "OrderService.Tests", "tests\OrderService.Tests\OrderService.Tests.csproj", "{9A0D33DA-4527-415A-B690-663B22F11204}"
EndProject
Project("{FAE04EC0-301F-11D3-BF4B-00C04F79EFBC}") = "MiniCommerce.Contracts", "src\MiniCommerce.Contracts\MiniCommerce.Contracts.csproj", "{D20B137B-A84F-4D53-B292-E4011984DFAE}"
EndProject
Project("{FAE04EC0-301F-11D3-BF4B-00C04F79EFBC}") = "InventoryService.Domain", "src\InventoryService.Domain\InventoryService.Domain.csproj", "{4FE5AAE7-943A-4DFF-86DE-1D9B00D2B056}"
EndProject
Project("{FAE04EC0-301F-11D3-BF4B-00C04F79EFBC}") = "InventoryService.Application", "src\InventoryService.Application\InventoryService.Application.csproj", "{C998AE99-1D9C-4B13-836A-1DE67B19935F}"
EndProject
Project("{FAE04EC0-301F-11D3-BF4B-00C04F79EFBC}") = "InventoryService.Infrastructure", "src\InventoryService.Infrastructure\InventoryService.Infrastructure.csproj", "{1FD89271-5E0E-4CAB-96F1-2818F9DF7B90}"
EndProject
Project("{FAE04EC0-301F-11D3-BF4B-00C04F79EFBC}") = "InventoryService.API", "src\InventoryService.API\InventoryService.API.csproj", "{8266122C-62C5-4CCB-8F4D-B7B99A582348}"
EndProject
Project("{FAE04EC0-301F-11D3-BF4B-00C04F79EFBC}") = "NotificationService.Domain", "src\NotificationService.Domain\NotificationService.Domain.csproj", "{B6DBFC20-DDC2-4846-872D-16904BA493DD}"
EndProject
Project("{FAE04EC0-301F-11D3-BF4B-00C04F79EFBC}") = "NotificationService.Application", "src\NotificationService.Application\NotificationService.Application.csproj", "{E669D13C-198D-4D6F-990A-A657300A3B32}"
EndProject
Project("{FAE04EC0-301F-11D3-BF4B-00C04F79EFBC}") = "NotificationService.Infrastructure", "src\NotificationService.Infrastructure\NotificationService.Infrastructure.csproj", "{A285BD4A-4182-4E16-936C-FCDE39DBC1AB}"
EndProject
Project("{FAE04EC0-301F-11D3-BF4B-00C04F79EFBC}") = "NotificationService.API", "src\NotificationService.API\NotificationService.API.csproj", "{17F7ACE9-7439-4286-ABD9-71534B38DA30}"
EndProject
Project("{FAE04EC0-301F-11D3-BF4B-00C04F79EFBC}") = "InventoryService.Tests", "tests\InventoryService.Tests\InventoryService.Tests.csproj", "{CA1346CC-A20F-4AD9-B890-467105D2BC47}"
EndProject
Project("{FAE04EC0-301F-11D3-BF4B-00C04F79EFBC}") = "NotificationService.Tests", "tests\NotificationService.Tests\NotificationService.Tests.csproj", "{DC23A257-CBD2-4878-8EA3-31D2A4523F99}"
EndProject
Project("{FAE04EC0-301F-11D3-BF4B-00C04F79EFBC}") = "MiniCommerce.BuildingBlocks", "src\MiniCommerce.BuildingBlocks\MiniCommerce.BuildingBlocks.csproj", "{98E5B3D1-26BB-4C9F-B185-D979781509BF}"
EndProject
Project("{FAE04EC0-301F-11D3-BF4B-00C04F79EFBC}") = "AuthService.API", "src\AuthService.API\AuthService.API.csproj", "{515A851E-E982-4805-B12B-BCFA8B0752DE}"
EndProject
Project("{FAE04EC0-301F-11D3-BF4B-00C04F79EFBC}") = "CatalogService.API", "src\CatalogService.API\CatalogService.API.csproj", "{BE050CD2-D573-4BA1-9D72-D3AA55EDE477}"
EndProject
Project("{FAE04EC0-301F-11D3-BF4B-00C04F79EFBC}") = "CartService.API", "src\CartService.API\CartService.API.csproj", "{17405070-69BD-4106-A329-96E1E560ED3C}"
EndProject
Project("{FAE04EC0-301F-11D3-BF4B-00C04F79EFBC}") = "PaymentService.API", "src\PaymentService.API\PaymentService.API.csproj", "{9381C212-1099-4938-8E90-2DB97E68379F}"
EndProject
Project("{FAE04EC0-301F-11D3-BF4B-00C04F79EFBC}") = "MiniCommerce.Storage", "src\MiniCommerce.Storage\MiniCommerce.Storage.csproj", "{C5976588-9C14-4622-A9AE-6581BCA987EB}"
EndProject
Project("{FAE04EC0-301F-11D3-BF4B-00C04F79EFBC}") = "MiniCommerce.Messaging", "src\MiniCommerce.Messaging\MiniCommerce.Messaging.csproj", "{D3E0D8AC-43F1-4DD5-AA08-C8327FBF63A4}"
EndProject
Project("{FAE04EC0-301F-11D3-BF4B-00C04F79EFBC}") = "MiniCommerce.AzureAuth", "src\MiniCommerce.AzureAuth\MiniCommerce.AzureAuth.csproj", "{77610141-4AE6-4CB1-B019-41FA77B94FD7}"
EndProject
Global
	GlobalSection(SolutionConfigurationPlatforms) = preSolution
		Debug|Any CPU = Debug|Any CPU
		Debug|x64 = Debug|x64
		Debug|x86 = Debug|x86
		Release|Any CPU = Release|Any CPU
		Release|x64 = Release|x64
		Release|x86 = Release|x86
	EndGlobalSection
	GlobalSection(ProjectConfigurationPlatforms) = postSolution
		{19063758-083C-4661-8D17-23B4FAEAB10C}.Debug|Any CPU.ActiveCfg = Debug|Any CPU
		{19063758-083C-4661-8D17-23B4FAEAB10C}.Debug|Any CPU.Build.0 = Debug|Any CPU
		{19063758-083C-4661-8D17-23B4FAEAB10C}.Debug|x64.ActiveCfg = Debug|Any CPU
		{19063758-083C-4661-8D17-23B4FAEAB10C}.Debug|x64.Build.0 = Debug|Any CPU
		{19063758-083C-4661-8D17-23B4FAEAB10C}.Debug|x86.ActiveCfg = Debug|Any CPU
		{19063758-083C-4661-8D17-23B4FAEAB10C}.Debug|x86.Build.0 = Debug|Any CPU
		{19063758-083C-4661-8D17-23B4FAEAB10C}.Release|Any CPU.ActiveCfg = Release|Any CPU
		{19063758-083C-4661-8D17-23B4FAEAB10C}.Release|Any CPU.Build.0 = Release|Any CPU
		{19063758-083C-4661-8D17-23B4FAEAB10C}.Release|x64.ActiveCfg = Release|Any CPU
		{19063758-083C-4661-8D17-23B4FAEAB10C}.Release|x64.Build.0 = Release|Any CPU
		{19063758-083C-4661-8D17-23B4FAEAB10C}.Release|x86.ActiveCfg = Release|Any CPU
		{19063758-083C-4661-8D17-23B4FAEAB10C}.Release|x86.Build.0 = Release|Any CPU
		{4C9F695F-3530-4E4E-9520-5896DC17896E}.Debug|Any CPU.ActiveCfg = Debug|Any CPU
		{4C9F695F-3530-4E4E-9520-5896DC17896E}.Debug|Any CPU.Build.0 = Debug|Any CPU
		{4C9F695F-3530-4E4E-9520-5896DC17896E}.Debug|x64.ActiveCfg = Debug|Any CPU
		{4C9F695F-3530-4E4E-9520-5896DC17896E}.Debug|x64.Build.0 = Debug|Any CPU
		{4C9F695F-3530-4E4E-9520-5896DC17896E}.Debug|x86.ActiveCfg = Debug|Any CPU
		{4C9F695F-3530-4E4E-9520-5896DC17896E}.Debug|x86.Build.0 = Debug|Any CPU
		{4C9F695F-3530-4E4E-9520-5896DC17896E}.Release|Any CPU.ActiveCfg = Release|Any CPU
		{4C9F695F-3530-4E4E-9520-5896DC17896E}.Release|Any CPU.Build.0 = Release|Any CPU
		{4C9F695F-3530-4E4E-9520-5896DC17896E}.Release|x64.ActiveCfg = Release|Any CPU
		{4C9F695F-3530-4E4E-9520-5896DC17896E}.Release|x64.Build.0 = Release|Any CPU
		{4C9F695F-3530-4E4E-9520-5896DC17896E}.Release|x86.ActiveCfg = Release|Any CPU
		{4C9F695F-3530-4E4E-9520-5896DC17896E}.Release|x86.Build.0 = Release|Any CPU
		{9EE70165-8260-47B6-B031-27C21F738B30}.Debug|Any CPU.ActiveCfg = Debug|Any CPU
		{9EE70165-8260-47B6-B031-27C21F738B30}.Debug|Any CPU.Build.0 = Debug|Any CPU
		{9EE70165-8260-47B6-B031-27C21F738B30}.Debug|x64.ActiveCfg = Debug|Any CPU
		{9EE70165-8260-47B6-B031-27C21F738B30}.Debug|x64.Build.0 = Debug|Any CPU
		{9EE70165-8260-47B6-B031-27C21F738B30}.Debug|x86.ActiveCfg = Debug|Any CPU
		{9EE70165-8260-47B6-B031-27C21F738B30}.Debug|x86.Build.0 = Debug|Any CPU
		{9EE70165-8260-47B6-B031-27C21F738B30}.Release|Any CPU.ActiveCfg = Release|Any CPU
		{9EE70165-8260-47B6-B031-27C21F738B30}.Release|Any CPU.Build.0 = Release|Any CPU
		{9EE70165-8260-47B6-B031-27C21F738B30}.Release|x64.ActiveCfg = Release|Any CPU
		{9EE70165-8260-47B6-B031-27C21F738B30}.Release|x64.Build.0 = Release|Any CPU
		{9EE70165-8260-47B6-B031-27C21F738B30}.Release|x86.ActiveCfg = Release|Any CPU
		{9EE70165-8260-47B6-B031-27C21F738B30}.Release|x86.Build.0 = Release|Any CPU
		{853EBC76-8173-49EA-9352-0046BA2D3EEA}.Debug|Any CPU.ActiveCfg = Debug|Any CPU
		{853EBC76-8173-49EA-9352-0046BA2D3EEA}.Debug|Any CPU.Build.0 = Debug|Any CPU
		{853EBC76-8173-49EA-9352-0046BA2D3EEA}.Debug|x64.ActiveCfg = Debug|Any CPU
		{853EBC76-8173-49EA-9352-0046BA2D3EEA}.Debug|x64.Build.0 = Debug|Any CPU
		{853EBC76-8173-49EA-9352-0046BA2D3EEA}.Debug|x86.ActiveCfg = Debug|Any CPU
		{853EBC76-8173-49EA-9352-0046BA2D3EEA}.Debug|x86.Build.0 = Debug|Any CPU
		{853EBC76-8173-49EA-9352-0046BA2D3EEA}.Release|Any CPU.ActiveCfg = Release|Any CPU
		{853EBC76-8173-49EA-9352-0046BA2D3EEA}.Release|Any CPU.Build.0 = Release|Any CPU
		{853EBC76-8173-49EA-9352-0046BA2D3EEA}.Release|x64.ActiveCfg = Release|Any CPU
		{853EBC76-8173-49EA-9352-0046BA2D3EEA}.Release|x64.Build.0 = Release|Any CPU
		{853EBC76-8173-49EA-9352-0046BA2D3EEA}.Release|x86.ActiveCfg = Release|Any CPU
		{853EBC76-8173-49EA-9352-0046BA2D3EEA}.Release|x86.Build.0 = Release|Any CPU
		{9A0D33DA-4527-415A-B690-663B22F11204}.Debug|Any CPU.ActiveCfg = Debug|Any CPU
		{9A0D33DA-4527-415A-B690-663B22F11204}.Debug|Any CPU.Build.0 = Debug|Any CPU
		{9A0D33DA-4527-415A-B690-663B22F11204}.Debug|x64.ActiveCfg = Debug|Any CPU
		{9A0D33DA-4527-415A-B690-663B22F11204}.Debug|x64.Build.0 = Debug|Any CPU
		{9A0D33DA-4527-415A-B690-663B22F11204}.Debug|x86.ActiveCfg = Debug|Any CPU
		{9A0D33DA-4527-415A-B690-663B22F11204}.Debug|x86.Build.0 = Debug|Any CPU
		{9A0D33DA-4527-415A-B690-663B22F11204}.Release|Any CPU.ActiveCfg = Release|Any CPU
		{9A0D33DA-4527-415A-B690-663B22F11204}.Release|Any CPU.Build.0 = Release|Any CPU
		{9A0D33DA-4527-415A-B690-663B22F11204}.Release|x64.ActiveCfg = Release|Any CPU
		{9A0D33DA-4527-415A-B690-663B22F11204}.Release|x64.Build.0 = Release|Any CPU
		{9A0D33DA-4527-415A-B690-663B22F11204}.Release|x86.ActiveCfg = Release|Any CPU
		{9A0D33DA-4527-415A-B690-663B22F11204}.Release|x86.Build.0 = Release|Any CPU
		{D20B137B-A84F-4D53-B292-E4011984DFAE}.Debug|Any CPU.ActiveCfg = Debug|Any CPU
		{D20B137B-A84F-4D53-B292-E4011984DFAE}.Debug|Any CPU.Build.0 = Debug|Any CPU
		{D20B137B-A84F-4D53-B292-E4011984DFAE}.Debug|x64.ActiveCfg = Debug|Any CPU
		{D20B137B-A84F-4D53-B292-E4011984DFAE}.Debug|x64.Build.0 = Debug|Any CPU
		{D20B137B-A84F-4D53-B292-E4011984DFAE}.Debug|x86.ActiveCfg = Debug|Any CPU
		{D20B137B-A84F-4D53-B292-E4011984DFAE}.Debug|x86.Build.0 = Debug|Any CPU
		{D20B137B-A84F-4D53-B292-E4011984DFAE}.Release|Any CPU.ActiveCfg = Release|Any CPU
		{D20B137B-A84F-4D53-B292-E4011984DFAE}.Release|Any CPU.Build.0 = Release|Any CPU
		{D20B137B-A84F-4D53-B292-E4011984DFAE}.Release|x64.ActiveCfg = Release|Any CPU
		{D20B137B-A84F-4D53-B292-E4011984DFAE}.Release|x64.Build.0 = Release|Any CPU
		{D20B137B-A84F-4D53-B292-E4011984DFAE}.Release|x86.ActiveCfg = Release|Any CPU
		{D20B137B-A84F-4D53-B292-E4011984DFAE}.Release|x86.Build.0 = Release|Any CPU
		{4FE5AAE7-943A-4DFF-86DE-1D9B00D2B056}.Debug|Any CPU.ActiveCfg = Debug|Any CPU
		{4FE5AAE7-943A-4DFF-86DE-1D9B00D2B056}.Debug|Any CPU.Build.0 = Debug|Any CPU
		{4FE5AAE7-943A-4DFF-86DE-1D9B00D2B056}.Debug|x64.ActiveCfg = Debug|Any CPU
		{4FE5AAE7-943A-4DFF-86DE-1D9B00D2B056}.Debug|x64.Build.0 = Debug|Any CPU
		{4FE5AAE7-943A-4DFF-86DE-1D9B00D2B056}.Debug|x86.ActiveCfg = Debug|Any CPU
		{4FE5AAE7-943A-4DFF-86DE-1D9B00D2B056}.Debug|x86.Build.0 = Debug|Any CPU
		{4FE5AAE7-943A-4DFF-86DE-1D9B00D2B056}.Release|Any CPU.ActiveCfg = Release|Any CPU
		{4FE5AAE7-943A-4DFF-86DE-1D9B00D2B056}.Release|Any CPU.Build.0 = Release|Any CPU
		{4FE5AAE7-943A-4DFF-86DE-1D9B00D2B056}.Release|x64.ActiveCfg = Release|Any CPU
		{4FE5AAE7-943A-4DFF-86DE-1D9B00D2B056}.Release|x64.Build.0 = Release|Any CPU
		{4FE5AAE7-943A-4DFF-86DE-1D9B00D2B056}.Release|x86.ActiveCfg = Release|Any CPU
		{4FE5AAE7-943A-4DFF-86DE-1D9B00D2B056}.Release|x86.Build.0 = Release|Any CPU
		{C998AE99-1D9C-4B13-836A-1DE67B19935F}.Debug|Any CPU.ActiveCfg = Debug|Any CPU
		{C998AE99-1D9C-4B13-836A-1DE67B19935F}.Debug|Any CPU.Build.0 = Debug|Any CPU
		{C998AE99-1D9C-4B13-836A-1DE67B19935F}.Debug|x64.ActiveCfg = Debug|Any CPU
		{C998AE99-1D9C-4B13-836A-1DE67B19935F}.Debug|x64.Build.0 = Debug|Any CPU
		{C998AE99-1D9C-4B13-836A-1DE67B19935F}.Debug|x86.ActiveCfg = Debug|Any CPU
		{C998AE99-1D9C-4B13-836A-1DE67B19935F}.Debug|x86.Build.0 = Debug|Any CPU
		{C998AE99-1D9C-4B13-836A-1DE67B19935F}.Release|Any CPU.ActiveCfg = Release|Any CPU
		{C998AE99-1D9C-4B13-836A-1DE67B19935F}.Release|Any CPU.Build.0 = Release|Any CPU
		{C998AE99-1D9C-4B13-836A-1DE67B19935F}.Release|x64.ActiveCfg = Release|Any CPU
		{C998AE99-1D9C-4B13-836A-1DE67B19935F}.Release|x64.Build.0 = Release|Any CPU
		{C998AE99-1D9C-4B13-836A-1DE67B19935F}.Release|x86.ActiveCfg = Release|Any CPU
		{C998AE99-1D9C-4B13-836A-1DE67B19935F}.Release|x86.Build.0 = Release|Any CPU
		{1FD89271-5E0E-4CAB-96F1-2818F9DF7B90}.Debug|Any CPU.ActiveCfg = Debug|Any CPU
		{1FD89271-5E0E-4CAB-96F1-2818F9DF7B90}.Debug|Any CPU.Build.0 = Debug|Any CPU
		{1FD89271-5E0E-4CAB-96F1-2818F9DF7B90}.Debug|x64.ActiveCfg = Debug|Any CPU
		{1FD89271-5E0E-4CAB-96F1-2818F9DF7B90}.Debug|x64.Build.0 = Debug|Any CPU
		{1FD89271-5E0E-4CAB-96F1-2818F9DF7B90}.Debug|x86.ActiveCfg = Debug|Any CPU
		{1FD89271-5E0E-4CAB-96F1-2818F9DF7B90}.Debug|x86.Build.0 = Debug|Any CPU
		{1FD89271-5E0E-4CAB-96F1-2818F9DF7B90}.Release|Any CPU.ActiveCfg = Release|Any CPU
		{1FD89271-5E0E-4CAB-96F1-2818F9DF7B90}.Release|Any CPU.Build.0 = Release|Any CPU
		{1FD89271-5E0E-4CAB-96F1-2818F9DF7B90}.Release|x64.ActiveCfg = Release|Any CPU
		{1FD89271-5E0E-4CAB-96F1-2818F9DF7B90}.Release|x64.Build.0 = Release|Any CPU
		{1FD89271-5E0E-4CAB-96F1-2818F9DF7B90}.Release|x86.ActiveCfg = Release|Any CPU
		{1FD89271-5E0E-4CAB-96F1-2818F9DF7B90}.Release|x86.Build.0 = Release|Any CPU
		{8266122C-62C5-4CCB-8F4D-B7B99A582348}.Debug|Any CPU.ActiveCfg = Debug|Any CPU
		{8266122C-62C5-4CCB-8F4D-B7B99A582348}.Debug|Any CPU.Build.0 = Debug|Any CPU
		{8266122C-62C5-4CCB-8F4D-B7B99A582348}.Debug|x64.ActiveCfg = Debug|Any CPU
		{8266122C-62C5-4CCB-8F4D-B7B99A582348}.Debug|x64.Build.0 = Debug|Any CPU
		{8266122C-62C5-4CCB-8F4D-B7B99A582348}.Debug|x86.ActiveCfg = Debug|Any CPU
		{8266122C-62C5-4CCB-8F4D-B7B99A582348}.Debug|x86.Build.0 = Debug|Any CPU
		{8266122C-62C5-4CCB-8F4D-B7B99A582348}.Release|Any CPU.ActiveCfg = Release|Any CPU
		{8266122C-62C5-4CCB-8F4D-B7B99A582348}.Release|Any CPU.Build.0 = Release|Any CPU
		{8266122C-62C5-4CCB-8F4D-B7B99A582348}.Release|x64.ActiveCfg = Release|Any CPU
		{8266122C-62C5-4CCB-8F4D-B7B99A582348}.Release|x64.Build.0 = Release|Any CPU
		{8266122C-62C5-4CCB-8F4D-B7B99A582348}.Release|x86.ActiveCfg = Release|Any CPU
		{8266122C-62C5-4CCB-8F4D-B7B99A582348}.Release|x86.Build.0 = Release|Any CPU
		{B6DBFC20-DDC2-4846-872D-16904BA493DD}.Debug|Any CPU.ActiveCfg = Debug|Any CPU
		{B6DBFC20-DDC2-4846-872D-16904BA493DD}.Debug|Any CPU.Build.0 = Debug|Any CPU
		{B6DBFC20-DDC2-4846-872D-16904BA493DD}.Debug|x64.ActiveCfg = Debug|Any CPU
		{B6DBFC20-DDC2-4846-872D-16904BA493DD}.Debug|x64.Build.0 = Debug|Any CPU
		{B6DBFC20-DDC2-4846-872D-16904BA493DD}.Debug|x86.ActiveCfg = Debug|Any CPU
		{B6DBFC20-DDC2-4846-872D-16904BA493DD}.Debug|x86.Build.0 = Debug|Any CPU
		{B6DBFC20-DDC2-4846-872D-16904BA493DD}.Release|Any CPU.ActiveCfg = Release|Any CPU
		{B6DBFC20-DDC2-4846-872D-16904BA493DD}.Release|Any CPU.Build.0 = Release|Any CPU
		{B6DBFC20-DDC2-4846-872D-16904BA493DD}.Release|x64.ActiveCfg = Release|Any CPU
		{B6DBFC20-DDC2-4846-872D-16904BA493DD}.Release|x64.Build.0 = Release|Any CPU
		{B6DBFC20-DDC2-4846-872D-16904BA493DD}.Release|x86.ActiveCfg = Release|Any CPU
		{B6DBFC20-DDC2-4846-872D-16904BA493DD}.Release|x86.Build.0 = Release|Any CPU
		{E669D13C-198D-4D6F-990A-A657300A3B32}.Debug|Any CPU.ActiveCfg = Debug|Any CPU
		{E669D13C-198D-4D6F-990A-A657300A3B32}.Debug|Any CPU.Build.0 = Debug|Any CPU
		{E669D13C-198D-4D6F-990A-A657300A3B32}.Debug|x64.ActiveCfg = Debug|Any CPU
		{E669D13C-198D-4D6F-990A-A657300A3B32}.Debug|x64.Build.0 = Debug|Any CPU
		{E669D13C-198D-4D6F-990A-A657300A3B32}.Debug|x86.ActiveCfg = Debug|Any CPU
		{E669D13C-198D-4D6F-990A-A657300A3B32}.Debug|x86.Build.0 = Debug|Any CPU
		{E669D13C-198D-4D6F-990A-A657300A3B32}.Release|Any CPU.ActiveCfg = Release|Any CPU
		{E669D13C-198D-4D6F-990A-A657300A3B32}.Release|Any CPU.Build.0 = Release|Any CPU
		{E669D13C-198D-4D6F-990A-A657300A3B32}.Release|x64.ActiveCfg = Release|Any CPU
		{E669D13C-198D-4D6F-990A-A657300A3B32}.Release|x64.Build.0 = Release|Any CPU
		{E669D13C-198D-4D6F-990A-A657300A3B32}.Release|x86.ActiveCfg = Release|Any CPU
		{E669D13C-198D-4D6F-990A-A657300A3B32}.Release|x86.Build.0 = Release|Any CPU
		{A285BD4A-4182-4E16-936C-FCDE39DBC1AB}.Debug|Any CPU.ActiveCfg = Debug|Any CPU
		{A285BD4A-4182-4E16-936C-FCDE39DBC1AB}.Debug|Any CPU.Build.0 = Debug|Any CPU
		{A285BD4A-4182-4E16-936C-FCDE39DBC1AB}.Debug|x64.ActiveCfg = Debug|Any CPU
		{A285BD4A-4182-4E16-936C-FCDE39DBC1AB}.Debug|x64.Build.0 = Debug|Any CPU
		{A285BD4A-4182-4E16-936C-FCDE39DBC1AB}.Debug|x86.ActiveCfg = Debug|Any CPU
		{A285BD4A-4182-4E16-936C-FCDE39DBC1AB}.Debug|x86.Build.0 = Debug|Any CPU
		{A285BD4A-4182-4E16-936C-FCDE39DBC1AB}.Release|Any CPU.ActiveCfg = Release|Any CPU
		{A285BD4A-4182-4E16-936C-FCDE39DBC1AB}.Release|Any CPU.Build.0 = Release|Any CPU
		{A285BD4A-4182-4E16-936C-FCDE39DBC1AB}.Release|x64.ActiveCfg = Release|Any CPU
		{A285BD4A-4182-4E16-936C-FCDE39DBC1AB}.Release|x64.Build.0 = Release|Any CPU
		{A285BD4A-4182-4E16-936C-FCDE39DBC1AB}.Release|x86.ActiveCfg = Release|Any CPU
		{A285BD4A-4182-4E16-936C-FCDE39DBC1AB}.Release|x86.Build.0 = Release|Any CPU
		{17F7ACE9-7439-4286-ABD9-71534B38DA30}.Debug|Any CPU.ActiveCfg = Debug|Any CPU
		{17F7ACE9-7439-4286-ABD9-71534B38DA30}.Debug|Any CPU.Build.0 = Debug|Any CPU
		{17F7ACE9-7439-4286-ABD9-71534B38DA30}.Debug|x64.ActiveCfg = Debug|Any CPU
		{17F7ACE9-7439-4286-ABD9-71534B38DA30}.Debug|x64.Build.0 = Debug|Any CPU
		{17F7ACE9-7439-4286-ABD9-71534B38DA30}.Debug|x86.ActiveCfg = Debug|Any CPU
		{17F7ACE9-7439-4286-ABD9-71534B38DA30}.Debug|x86.Build.0 = Debug|Any CPU
		{17F7ACE9-7439-4286-ABD9-71534B38DA30}.Release|Any CPU.ActiveCfg = Release|Any CPU
		{17F7ACE9-7439-4286-ABD9-71534B38DA30}.Release|Any CPU.Build.0 = Release|Any CPU
		{17F7ACE9-7439-4286-ABD9-71534B38DA30}.Release|x64.ActiveCfg = Release|Any CPU
		{17F7ACE9-7439-4286-ABD9-71534B38DA30}.Release|x64.Build.0 = Release|Any CPU
		{17F7ACE9-7439-4286-ABD9-71534B38DA30}.Release|x86.ActiveCfg = Release|Any CPU
		{17F7ACE9-7439-4286-ABD9-71534B38DA30}.Release|x86.Build.0 = Release|Any CPU
		{CA1346CC-A20F-4AD9-B890-467105D2BC47}.Debug|Any CPU.ActiveCfg = Debug|Any CPU
		{CA1346CC-A20F-4AD9-B890-467105D2BC47}.Debug|Any CPU.Build.0 = Debug|Any CPU
		{CA1346CC-A20F-4AD9-B890-467105D2BC47}.Debug|x64.ActiveCfg = Debug|Any CPU
		{CA1346CC-A20F-4AD9-B890-467105D2BC47}.Debug|x64.Build.0 = Debug|Any CPU
		{CA1346CC-A20F-4AD9-B890-467105D2BC47}.Debug|x86.ActiveCfg = Debug|Any CPU
		{CA1346CC-A20F-4AD9-B890-467105D2BC47}.Debug|x86.Build.0 = Debug|Any CPU
		{CA1346CC-A20F-4AD9-B890-467105D2BC47}.Release|Any CPU.ActiveCfg = Release|Any CPU
		{CA1346CC-A20F-4AD9-B890-467105D2BC47}.Release|Any CPU.Build.0 = Release|Any CPU
		{CA1346CC-A20F-4AD9-B890-467105D2BC47}.Release|x64.ActiveCfg = Release|Any CPU
		{CA1346CC-A20F-4AD9-B890-467105D2BC47}.Release|x64.Build.0 = Release|Any CPU
		{CA1346CC-A20F-4AD9-B890-467105D2BC47}.Release|x86.ActiveCfg = Release|Any CPU
		{CA1346CC-A20F-4AD9-B890-467105D2BC47}.Release|x86.Build.0 = Release|Any CPU
		{DC23A257-CBD2-4878-8EA3-31D2A4523F99}.Debug|Any CPU.ActiveCfg = Debug|Any CPU
		{DC23A257-CBD2-4878-8EA3-31D2A4523F99}.Debug|Any CPU.Build.0 = Debug|Any CPU
		{DC23A257-CBD2-4878-8EA3-31D2A4523F99}.Debug|x64.ActiveCfg = Debug|Any CPU
		{DC23A257-CBD2-4878-8EA3-31D2A4523F99}.Debug|x64.Build.0 = Debug|Any CPU
		{DC23A257-CBD2-4878-8EA3-31D2A4523F99}.Debug|x86.ActiveCfg = Debug|Any CPU
		{DC23A257-CBD2-4878-8EA3-31D2A4523F99}.Debug|x86.Build.0 = Debug|Any CPU
		{DC23A257-CBD2-4878-8EA3-31D2A4523F99}.Release|Any CPU.ActiveCfg = Release|Any CPU
		{DC23A257-CBD2-4878-8EA3-31D2A4523F99}.Release|Any CPU.Build.0 = Release|Any CPU
		{DC23A257-CBD2-4878-8EA3-31D2A4523F99}.Release|x64.ActiveCfg = Release|Any CPU
		{DC23A257-CBD2-4878-8EA3-31D2A4523F99}.Release|x64.Build.0 = Release|Any CPU
		{DC23A257-CBD2-4878-8EA3-31D2A4523F99}.Release|x86.ActiveCfg = Release|Any CPU
		{DC23A257-CBD2-4878-8EA3-31D2A4523F99}.Release|x86.Build.0 = Release|Any CPU
		{98E5B3D1-26BB-4C9F-B185-D979781509BF}.Debug|Any CPU.ActiveCfg = Debug|Any CPU
		{98E5B3D1-26BB-4C9F-B185-D979781509BF}.Debug|Any CPU.Build.0 = Debug|Any CPU
		{98E5B3D1-26BB-4C9F-B185-D979781509BF}.Debug|x64.ActiveCfg = Debug|Any CPU
		{98E5B3D1-26BB-4C9F-B185-D979781509BF}.Debug|x64.Build.0 = Debug|Any CPU
		{98E5B3D1-26BB-4C9F-B185-D979781509BF}.Debug|x86.ActiveCfg = Debug|Any CPU
		{98E5B3D1-26BB-4C9F-B185-D979781509BF}.Debug|x86.Build.0 = Debug|Any CPU
		{98E5B3D1-26BB-4C9F-B185-D979781509BF}.Release|Any CPU.ActiveCfg = Release|Any CPU
		{98E5B3D1-26BB-4C9F-B185-D979781509BF}.Release|Any CPU.Build.0 = Release|Any CPU
		{98E5B3D1-26BB-4C9F-B185-D979781509BF}.Release|x64.ActiveCfg = Release|Any CPU
		{98E5B3D1-26BB-4C9F-B185-D979781509BF}.Release|x64.Build.0 = Release|Any CPU
		{98E5B3D1-26BB-4C9F-B185-D979781509BF}.Release|x86.ActiveCfg = Release|Any CPU
		{98E5B3D1-26BB-4C9F-B185-D979781509BF}.Release|x86.Build.0 = Release|Any CPU
		{515A851E-E982-4805-B12B-BCFA8B0752DE}.Debug|Any CPU.ActiveCfg = Debug|Any CPU
		{515A851E-E982-4805-B12B-BCFA8B0752DE}.Debug|Any CPU.Build.0 = Debug|Any CPU
		{515A851E-E982-4805-B12B-BCFA8B0752DE}.Debug|x64.ActiveCfg = Debug|Any CPU
		{515A851E-E982-4805-B12B-BCFA8B0752DE}.Debug|x64.Build.0 = Debug|Any CPU
		{515A851E-E982-4805-B12B-BCFA8B0752DE}.Debug|x86.ActiveCfg = Debug|Any CPU
		{515A851E-E982-4805-B12B-BCFA8B0752DE}.Debug|x86.Build.0 = Debug|Any CPU
		{515A851E-E982-4805-B12B-BCFA8B0752DE}.Release|Any CPU.ActiveCfg = Release|Any CPU
		{515A851E-E982-4805-B12B-BCFA8B0752DE}.Release|Any CPU.Build.0 = Release|Any CPU
		{515A851E-E982-4805-B12B-BCFA8B0752DE}.Release|x64.ActiveCfg = Release|Any CPU
		{515A851E-E982-4805-B12B-BCFA8B0752DE}.Release|x64.Build.0 = Release|Any CPU
		{515A851E-E982-4805-B12B-BCFA8B0752DE}.Release|x86.ActiveCfg = Release|Any CPU
		{515A851E-E982-4805-B12B-BCFA8B0752DE}.Release|x86.Build.0 = Release|Any CPU
		{BE050CD2-D573-4BA1-9D72-D3AA55EDE477}.Debug|Any CPU.ActiveCfg = Debug|Any CPU
		{BE050CD2-D573-4BA1-9D72-D3AA55EDE477}.Debug|Any CPU.Build.0 = Debug|Any CPU
		{BE050CD2-D573-4BA1-9D72-D3AA55EDE477}.Debug|x64.ActiveCfg = Debug|Any CPU
		{BE050CD2-D573-4BA1-9D72-D3AA55EDE477}.Debug|x64.Build.0 = Debug|Any CPU
		{BE050CD2-D573-4BA1-9D72-D3AA55EDE477}.Debug|x86.ActiveCfg = Debug|Any CPU
		{BE050CD2-D573-4BA1-9D72-D3AA55EDE477}.Debug|x86.Build.0 = Debug|Any CPU
		{BE050CD2-D573-4BA1-9D72-D3AA55EDE477}.Release|Any CPU.ActiveCfg = Release|Any CPU
		{BE050CD2-D573-4BA1-9D72-D3AA55EDE477}.Release|Any CPU.Build.0 = Release|Any CPU
		{BE050CD2-D573-4BA1-9D72-D3AA55EDE477}.Release|x64.ActiveCfg = Release|Any CPU
		{BE050CD2-D573-4BA1-9D72-D3AA55EDE477}.Release|x64.Build.0 = Release|Any CPU
		{BE050CD2-D573-4BA1-9D72-D3AA55EDE477}.Release|x86.ActiveCfg = Release|Any CPU
		{BE050CD2-D573-4BA1-9D72-D3AA55EDE477}.Release|x86.Build.0 = Release|Any CPU
		{17405070-69BD-4106-A329-96E1E560ED3C}.Debug|Any CPU.ActiveCfg = Debug|Any CPU
		{17405070-69BD-4106-A329-96E1E560ED3C}.Debug|Any CPU.Build.0 = Debug|Any CPU
		{17405070-69BD-4106-A329-96E1E560ED3C}.Debug|x64.ActiveCfg = Debug|Any CPU
		{17405070-69BD-4106-A329-96E1E560ED3C}.Debug|x64.Build.0 = Debug|Any CPU
		{17405070-69BD-4106-A329-96E1E560ED3C}.Debug|x86.ActiveCfg = Debug|Any CPU
		{17405070-69BD-4106-A329-96E1E560ED3C}.Debug|x86.Build.0 = Debug|Any CPU
		{17405070-69BD-4106-A329-96E1E560ED3C}.Release|Any CPU.ActiveCfg = Release|Any CPU
		{17405070-69BD-4106-A329-96E1E560ED3C}.Release|Any CPU.Build.0 = Release|Any CPU
		{17405070-69BD-4106-A329-96E1E560ED3C}.Release|x64.ActiveCfg = Release|Any CPU
		{17405070-69BD-4106-A329-96E1E560ED3C}.Release|x64.Build.0 = Release|Any CPU
		{17405070-69BD-4106-A329-96E1E560ED3C}.Release|x86.ActiveCfg = Release|Any CPU
		{17405070-69BD-4106-A329-96E1E560ED3C}.Release|x86.Build.0 = Release|Any CPU
		{9381C212-1099-4938-8E90-2DB97E68379F}.Debug|Any CPU.ActiveCfg = Debug|Any CPU
		{9381C212-1099-4938-8E90-2DB97E68379F}.Debug|Any CPU.Build.0 = Debug|Any CPU
		{9381C212-1099-4938-8E90-2DB97E68379F}.Debug|x64.ActiveCfg = Debug|Any CPU
		{9381C212-1099-4938-8E90-2DB97E68379F}.Debug|x64.Build.0 = Debug|Any CPU
		{9381C212-1099-4938-8E90-2DB97E68379F}.Debug|x86.ActiveCfg = Debug|Any CPU
		{9381C212-1099-4938-8E90-2DB97E68379F}.Debug|x86.Build.0 = Debug|Any CPU
		{9381C212-1099-4938-8E90-2DB97E68379F}.Release|Any CPU.ActiveCfg = Release|Any CPU
		{9381C212-1099-4938-8E90-2DB97E68379F}.Release|Any CPU.Build.0 = Release|Any CPU
		{9381C212-1099-4938-8E90-2DB97E68379F}.Release|x64.ActiveCfg = Release|Any CPU
		{9381C212-1099-4938-8E90-2DB97E68379F}.Release|x64.Build.0 = Release|Any CPU
		{9381C212-1099-4938-8E90-2DB97E68379F}.Release|x86.ActiveCfg = Release|Any CPU
		{9381C212-1099-4938-8E90-2DB97E68379F}.Release|x86.Build.0 = Release|Any CPU
		{C5976588-9C14-4622-A9AE-6581BCA987EB}.Debug|Any CPU.ActiveCfg = Debug|Any CPU
		{C5976588-9C14-4622-A9AE-6581BCA987EB}.Debug|Any CPU.Build.0 = Debug|Any CPU
		{C5976588-9C14-4622-A9AE-6581BCA987EB}.Debug|x64.ActiveCfg = Debug|Any CPU
		{C5976588-9C14-4622-A9AE-6581BCA987EB}.Debug|x64.Build.0 = Debug|Any CPU
		{C5976588-9C14-4622-A9AE-6581BCA987EB}.Debug|x86.ActiveCfg = Debug|Any CPU
		{C5976588-9C14-4622-A9AE-6581BCA987EB}.Debug|x86.Build.0 = Debug|Any CPU
		{C5976588-9C14-4622-A9AE-6581BCA987EB}.Release|Any CPU.ActiveCfg = Release|Any CPU
		{C5976588-9C14-4622-A9AE-6581BCA987EB}.Release|Any CPU.Build.0 = Release|Any CPU
		{C5976588-9C14-4622-A9AE-6581BCA987EB}.Release|x64.ActiveCfg = Release|Any CPU
		{C5976588-9C14-4622-A9AE-6581BCA987EB}.Release|x64.Build.0 = Release|Any CPU
		{C5976588-9C14-4622-A9AE-6581BCA987EB}.Release|x86.ActiveCfg = Release|Any CPU
		{C5976588-9C14-4622-A9AE-6581BCA987EB}.Release|x86.Build.0 = Release|Any CPU
		{D3E0D8AC-43F1-4DD5-AA08-C8327FBF63A4}.Debug|Any CPU.ActiveCfg = Debug|Any CPU
		{D3E0D8AC-43F1-4DD5-AA08-C8327FBF63A4}.Debug|Any CPU.Build.0 = Debug|Any CPU
		{D3E0D8AC-43F1-4DD5-AA08-C8327FBF63A4}.Debug|x64.ActiveCfg = Debug|Any CPU
		{D3E0D8AC-43F1-4DD5-AA08-C8327FBF63A4}.Debug|x64.Build.0 = Debug|Any CPU
		{D3E0D8AC-43F1-4DD5-AA08-C8327FBF63A4}.Debug|x86.ActiveCfg = Debug|Any CPU
		{D3E0D8AC-43F1-4DD5-AA08-C8327FBF63A4}.Debug|x86.Build.0 = Debug|Any CPU
		{D3E0D8AC-43F1-4DD5-AA08-C8327FBF63A4}.Release|Any CPU.ActiveCfg = Release|Any CPU
		{D3E0D8AC-43F1-4DD5-AA08-C8327FBF63A4}.Release|Any CPU.Build.0 = Release|Any CPU
		{D3E0D8AC-43F1-4DD5-AA08-C8327FBF63A4}.Release|x64.ActiveCfg = Release|Any CPU
		{D3E0D8AC-43F1-4DD5-AA08-C8327FBF63A4}.Release|x64.Build.0 = Release|Any CPU
		{D3E0D8AC-43F1-4DD5-AA08-C8327FBF63A4}.Release|x86.ActiveCfg = Release|Any CPU
		{D3E0D8AC-43F1-4DD5-AA08-C8327FBF63A4}.Release|x86.Build.0 = Release|Any CPU
		{77610141-4AE6-4CB1-B019-41FA77B94FD7}.Debug|Any CPU.ActiveCfg = Debug|Any CPU
		{77610141-4AE6-4CB1-B019-41FA77B94FD7}.Debug|Any CPU.Build.0 = Debug|Any CPU
		{77610141-4AE6-4CB1-B019-41FA77B94FD7}.Debug|x64.ActiveCfg = Debug|Any CPU
		{77610141-4AE6-4CB1-B019-41FA77B94FD7}.Debug|x64.Build.0 = Debug|Any CPU
		{77610141-4AE6-4CB1-B019-41FA77B94FD7}.Debug|x86.ActiveCfg = Debug|Any CPU
		{77610141-4AE6-4CB1-B019-41FA77B94FD7}.Debug|x86.Build.0 = Debug|Any CPU
		{77610141-4AE6-4CB1-B019-41FA77B94FD7}.Release|Any CPU.ActiveCfg = Release|Any CPU
		{77610141-4AE6-4CB1-B019-41FA77B94FD7}.Release|Any CPU.Build.0 = Release|Any CPU
		{77610141-4AE6-4CB1-B019-41FA77B94FD7}.Release|x64.ActiveCfg = Release|Any CPU
		{77610141-4AE6-4CB1-B019-41FA77B94FD7}.Release|x64.Build.0 = Release|Any CPU
		{77610141-4AE6-4CB1-B019-41FA77B94FD7}.Release|x86.ActiveCfg = Release|Any CPU
		{77610141-4AE6-4CB1-B019-41FA77B94FD7}.Release|x86.Build.0 = Release|Any CPU
	EndGlobalSection
	GlobalSection(SolutionProperties) = preSolution
		HideSolutionNode = FALSE
	EndGlobalSection
	GlobalSection(NestedProjects) = preSolution
		{19063758-083C-4661-8D17-23B4FAEAB10C} = {B97D5036-96C5-4D53-9E79-E2B20219067C}
		{4C9F695F-3530-4E4E-9520-5896DC17896E} = {B97D5036-96C5-4D53-9E79-E2B20219067C}
		{9EE70165-8260-47B6-B031-27C21F738B30} = {B97D5036-96C5-4D53-9E79-E2B20219067C}
		{853EBC76-8173-49EA-9352-0046BA2D3EEA} = {B97D5036-96C5-4D53-9E79-E2B20219067C}
		{9A0D33DA-4527-415A-B690-663B22F11204} = {E93166E8-AF80-40E9-B5F7-3725BA13A106}
		{D20B137B-A84F-4D53-B292-E4011984DFAE} = {B97D5036-96C5-4D53-9E79-E2B20219067C}
		{4FE5AAE7-943A-4DFF-86DE-1D9B00D2B056} = {B97D5036-96C5-4D53-9E79-E2B20219067C}
		{C998AE99-1D9C-4B13-836A-1DE67B19935F} = {B97D5036-96C5-4D53-9E79-E2B20219067C}
		{1FD89271-5E0E-4CAB-96F1-2818F9DF7B90} = {B97D5036-96C5-4D53-9E79-E2B20219067C}
		{8266122C-62C5-4CCB-8F4D-B7B99A582348} = {B97D5036-96C5-4D53-9E79-E2B20219067C}
		{B6DBFC20-DDC2-4846-872D-16904BA493DD} = {B97D5036-96C5-4D53-9E79-E2B20219067C}
		{E669D13C-198D-4D6F-990A-A657300A3B32} = {B97D5036-96C5-4D53-9E79-E2B20219067C}
		{A285BD4A-4182-4E16-936C-FCDE39DBC1AB} = {B97D5036-96C5-4D53-9E79-E2B20219067C}
		{17F7ACE9-7439-4286-ABD9-71534B38DA30} = {B97D5036-96C5-4D53-9E79-E2B20219067C}
		{CA1346CC-A20F-4AD9-B890-467105D2BC47} = {E93166E8-AF80-40E9-B5F7-3725BA13A106}
		{DC23A257-CBD2-4878-8EA3-31D2A4523F99} = {E93166E8-AF80-40E9-B5F7-3725BA13A106}
		{98E5B3D1-26BB-4C9F-B185-D979781509BF} = {B97D5036-96C5-4D53-9E79-E2B20219067C}
		{515A851E-E982-4805-B12B-BCFA8B0752DE} = {B97D5036-96C5-4D53-9E79-E2B20219067C}
		{BE050CD2-D573-4BA1-9D72-D3AA55EDE477} = {B97D5036-96C5-4D53-9E79-E2B20219067C}
		{17405070-69BD-4106-A329-96E1E560ED3C} = {B97D5036-96C5-4D53-9E79-E2B20219067C}
		{9381C212-1099-4938-8E90-2DB97E68379F} = {B97D5036-96C5-4D53-9E79-E2B20219067C}
		{C5976588-9C14-4622-A9AE-6581BCA987EB} = {B97D5036-96C5-4D53-9E79-E2B20219067C}
		{D3E0D8AC-43F1-4DD5-AA08-C8327FBF63A4} = {B97D5036-96C5-4D53-9E79-E2B20219067C}
		{77610141-4AE6-4CB1-B019-41FA77B94FD7} = {B97D5036-96C5-4D53-9E79-E2B20219067C}
	EndGlobalSection
EndGlobal
